
Microsoft Visual Studio Solution File, Format Version 12.00
# Visual Studio Version 17
VisualStudioVersion = 17.12.35506.116
MinimumVisualStudioVersion = 10.0.40219.1
Project("{FAE04EC0-301F-11D3-BF4B-00C04F79EFBC}") = "Posetrix", "Posetrix.csproj", "{26D2F8C8-F71E-4440-A68C-BBD864129FF3}"
EndProject
Project("{FAE04EC0-301F-11D3-BF4B-00C04F79EFBC}") = "Posetrix.Core", "..\Posetrix.Core\Posetrix.Core.csproj", "{BB8E016B-0833-4561-8E2D-4293B209FC7F}"
EndProject
Project("{FAE04EC0-301F-11D3-BF4B-00C04F79EFBC}") = "Posetrix.Tests", "..\Posetrix.Tests\Posetrix.Tests.csproj", "{521443BB-33D9-4E86-B508-287D671C0F17}"
EndProject
Project("{FAE04EC0-301F-11D3-BF4B-00C04F79EFBC}") = "Posetrix.Avalonia", "..\Posetrix.Avalonia\Posetrix.Avalonia.csproj", "{18691E0B-28B4-4BFC-886E-8AB0078B6AD3}"
EndProject
Project("{FAE04EC0-301F-11D3-BF4B-00C04F79EFBC}") = "Posetrix.SharedAssets", "..\Posetrix.SharedAssets\Posetrix.SharedAssets.csproj", "{D386B975-4ACB-4163-98CA-AC15A73D3AF7}"
EndProject
Project("{FAE04EC0-301F-11D3-BF4B-00C04F79EFBC}") = "Posetrix.AssetsAvalonia", "..\Posetrix.AssetsAvalonia\Posetrix.AssetsAvalonia.csproj", "{37E0C46F-99B0-4B64-BAE9-7261A8C31143}"
EndProject
Project("{FAE04EC0-301F-11D3-BF4B-00C04F79EFBC}") = "Posetrix.Assets", "..\Posetrix.Assets\Posetrix.Assets.csproj", "{3F4EE9A1-57E4-4140-BBF9-64B3481BD6B2}"
EndProject
Global
	GlobalSection(SolutionConfigurationPlatforms) = preSolution
		Debug|Any CPU = Debug|Any CPU
		Release|Any CPU = Release|Any CPU
	EndGlobalSection
	GlobalSection(ProjectConfigurationPlatforms) = postSolution
		{26D2F8C8-F71E-4440-A68C-BBD864129FF3}.Debug|Any CPU.ActiveCfg = Debug|Any CPU
		{26D2F8C8-F71E-4440-A68C-BBD864129FF3}.Debug|Any CPU.Build.0 = Debug|Any CPU
		{26D2F8C8-F71E-4440-A68C-BBD864129FF3}.Release|Any CPU.ActiveCfg = Release|Any CPU
		{26D2F8C8-F71E-4440-A68C-BBD864129FF3}.Release|Any CPU.Build.0 = Release|Any CPU
		{BB8E016B-0833-4561-8E2D-4293B209FC7F}.Debug|Any CPU.ActiveCfg = Debug|Any CPU
		{BB8E016B-0833-4561-8E2D-4293B209FC7F}.Debug|Any CPU.Build.0 = Debug|Any CPU
		{BB8E016B-0833-4561-8E2D-4293B209FC7F}.Release|Any CPU.ActiveCfg = Release|Any CPU
		{BB8E016B-0833-4561-8E2D-4293B209FC7F}.Release|Any CPU.Build.0 = Release|Any CPU
		{521443BB-33D9-4E86-B508-287D671C0F17}.Debug|Any CPU.ActiveCfg = Debug|Any CPU
		{521443BB-33D9-4E86-B508-287D671C0F17}.Debug|Any CPU.Build.0 = Debug|Any CPU
		{521443BB-33D9-4E86-B508-287D671C0F17}.Release|Any CPU.ActiveCfg = Release|Any CPU
		{521443BB-33D9-4E86-B508-287D671C0F17}.Release|Any CPU.Build.0 = Release|Any CPU
		{18691E0B-28B4-4BFC-886E-8AB0078B6AD3}.Debug|Any CPU.ActiveCfg = Debug|Any CPU
		{18691E0B-28B4-4BFC-886E-8AB0078B6AD3}.Debug|Any CPU.Build.0 = Debug|Any CPU
		{18691E0B-28B4-4BFC-886E-8AB0078B6AD3}.Release|Any CPU.ActiveCfg = Release|Any CPU
		{18691E0B-28B4-4BFC-886E-8AB0078B6AD3}.Release|Any CPU.Build.0 = Release|Any CPU
		{D386B975-4ACB-4163-98CA-AC15A73D3AF7}.Debug|Any CPU.ActiveCfg = Debug|Any CPU
		{D386B975-4ACB-4163-98CA-AC15A73D3AF7}.Debug|Any CPU.Build.0 = Debug|Any CPU
		{D386B975-4ACB-4163-98CA-AC15A73D3AF7}.Release|Any CPU.ActiveCfg = Release|Any CPU
		{D386B975-4ACB-4163-98CA-AC15A73D3AF7}.Release|Any CPU.Build.0 = Release|Any CPU
		{37E0C46F-99B0-4B64-BAE9-7261A8C31143}.Debug|Any CPU.ActiveCfg = Debug|Any CPU
		{37E0C46F-99B0-4B64-BAE9-7261A8C31143}.Debug|Any CPU.Build.0 = Debug|Any CPU
		{37E0C46F-99B0-4B64-BAE9-7261A8C31143}.Release|Any CPU.ActiveCfg = Release|Any CPU
		{37E0C46F-99B0-4B64-BAE9-7261A8C31143}.Release|Any CPU.Build.0 = Release|Any CPU
		{3F4EE9A1-57E4-4140-BBF9-64B3481BD6B2}.Debug|Any CPU.ActiveCfg = Debug|Any CPU
		{3F4EE9A1-57E4-4140-BBF9-64B3481BD6B2}.Debug|Any CPU.Build.0 = Debug|Any CPU
		{3F4EE9A1-57E4-4140-BBF9-64B3481BD6B2}.Release|Any CPU.ActiveCfg = Release|Any CPU
		{3F4EE9A1-57E4-4140-BBF9-64B3481BD6B2}.Release|Any CPU.Build.0 = Release|Any CPU
	EndGlobalSection
	GlobalSection(SolutionProperties) = preSolution
		HideSolutionNode = FALSE
	EndGlobalSection
EndGlobal
